
Microsoft Visual Studio Solution File, Format Version 12.00
# Visual Studio 2012
Project("{FAE04EC0-301F-11D3-BF4B-00C04F79EFBC}") = "01.PrintNumbers", "PrintNumbers\01.PrintNumbers.csproj", "{F7B84795-97B3-40C0-860F-3C4BDD3AABF9}"
EndProject
Project("{FAE04EC0-301F-11D3-BF4B-00C04F79EFBC}") = "02.PrintNumbersWithCondition", "PrintNumbersWithCondition\02.PrintNumbersWithCondition.csproj", "{28BCE760-D168-4069-B922-5A6CEC009F0B}"
EndProject
Project("{FAE04EC0-301F-11D3-BF4B-00C04F79EFBC}") = "03.MinAndMaxFromInput", "MinAndMaxFromInput\03.MinAndMaxFromInput.csproj", "{3BE17297-E7D6-4B24-A15C-4A0AD4FA2E1D}"
EndProject
Project("{FAE04EC0-301F-11D3-BF4B-00C04F79EFBC}") = "04.FactorialDivide", "FactorialDivide\04.FactorialDivide.csproj", "{248FD51F-068D-4BB1-958A-07A23248B47C}"
EndProject
Project("{FAE04EC0-301F-11D3-BF4B-00C04F79EFBC}") = "05.FactorialSubtractAndDivide", "FactorialSubtractAndDivide\05.FactorialSubtractAndDivide.csproj", "{1E0E5324-EC21-44F7-81AA-BCFE3833F7BA}"
EndProject
Project("{FAE04EC0-301F-11D3-BF4B-00C04F79EFBC}") = "06.CalculateSum", "CalculateSum\06.CalculateSum.csproj", "{FFE691AE-3749-469D-96F5-301D9519D86C}"
EndProject
Project("{FAE04EC0-301F-11D3-BF4B-00C04F79EFBC}") = "07.FibonacciSeqence", "FibonacciSeqence\07.FibonacciSeqence.csproj", "{B3E9C4D5-1F72-4C45-95F0-ACCCC08921DD}"
EndProject
Project("{FAE04EC0-301F-11D3-BF4B-00C04F79EFBC}") = "08.GreatestCommonDivisor", "GreatestCommonDivisor\08.GreatestCommonDivisor.csproj", "{EDDD85F9-AB12-40E4-9E38-77A215AB2CAA}"
EndProject
Project("{FAE04EC0-301F-11D3-BF4B-00C04F79EFBC}") = "09.CatalanNumbers", "CatalanNumbers\09.CatalanNumbers.csproj", "{1E2EF3E6-7E1A-4D59-A0F3-670A0AFD9E8D}"
EndProject
Project("{FAE04EC0-301F-11D3-BF4B-00C04F79EFBC}") = "10.PrintCardDeck", "PrintCardDeck\10.PrintCardDeck.csproj", "{24F6C1FD-80D1-4ECB-BA2B-4EDD35D0E006}"
EndProject
Project("{FAE04EC0-301F-11D3-BF4B-00C04F79EFBC}") = "11.PrintMatrix", "PrintMatrix\11.PrintMatrix.csproj", "{E0BA94B1-478E-4E6F-9D3D-65ED61A9D1F6}"
EndProject
Project("{FAE04EC0-301F-11D3-BF4B-00C04F79EFBC}") = "12.TrailingZeros", "TrailingZeros\12.TrailingZeros.csproj", "{CC1FA37F-91B2-455C-A80B-58D9FE93797B}"
EndProject
Global
	GlobalSection(SolutionConfigurationPlatforms) = preSolution
		Debug|Any CPU = Debug|Any CPU
		Release|Any CPU = Release|Any CPU
	EndGlobalSection
	GlobalSection(ProjectConfigurationPlatforms) = postSolution
		{F7B84795-97B3-40C0-860F-3C4BDD3AABF9}.Debug|Any CPU.ActiveCfg = Debug|Any CPU
		{F7B84795-97B3-40C0-860F-3C4BDD3AABF9}.Debug|Any CPU.Build.0 = Debug|Any CPU
		{F7B84795-97B3-40C0-860F-3C4BDD3AABF9}.Release|Any CPU.ActiveCfg = Release|Any CPU
		{F7B84795-97B3-40C0-860F-3C4BDD3AABF9}.Release|Any CPU.Build.0 = Release|Any CPU
		{28BCE760-D168-4069-B922-5A6CEC009F0B}.Debug|Any CPU.ActiveCfg = Debug|Any CPU
		{28BCE760-D168-4069-B922-5A6CEC009F0B}.Debug|Any CPU.Build.0 = Debug|Any CPU
		{28BCE760-D168-4069-B922-5A6CEC009F0B}.Release|Any CPU.ActiveCfg = Release|Any CPU
		{28BCE760-D168-4069-B922-5A6CEC009F0B}.Release|Any CPU.Build.0 = Release|Any CPU
		{3BE17297-E7D6-4B24-A15C-4A0AD4FA2E1D}.Debug|Any CPU.ActiveCfg = Debug|Any CPU
		{3BE17297-E7D6-4B24-A15C-4A0AD4FA2E1D}.Debug|Any CPU.Build.0 = Debug|Any CPU
		{3BE17297-E7D6-4B24-A15C-4A0AD4FA2E1D}.Release|Any CPU.ActiveCfg = Release|Any CPU
		{3BE17297-E7D6-4B24-A15C-4A0AD4FA2E1D}.Release|Any CPU.Build.0 = Release|Any CPU
		{248FD51F-068D-4BB1-958A-07A23248B47C}.Debug|Any CPU.ActiveCfg = Debug|Any CPU
		{248FD51F-068D-4BB1-958A-07A23248B47C}.Debug|Any CPU.Build.0 = Debug|Any CPU
		{248FD51F-068D-4BB1-958A-07A23248B47C}.Release|Any CPU.ActiveCfg = Release|Any CPU
		{248FD51F-068D-4BB1-958A-07A23248B47C}.Release|Any CPU.Build.0 = Release|Any CPU
		{1E0E5324-EC21-44F7-81AA-BCFE3833F7BA}.Debug|Any CPU.ActiveCfg = Debug|Any CPU
		{1E0E5324-EC21-44F7-81AA-BCFE3833F7BA}.Debug|Any CPU.Build.0 = Debug|Any CPU
		{1E0E5324-EC21-44F7-81AA-BCFE3833F7BA}.Release|Any CPU.ActiveCfg = Release|Any CPU
		{1E0E5324-EC21-44F7-81AA-BCFE3833F7BA}.Release|Any CPU.Build.0 = Release|Any CPU
		{FFE691AE-3749-469D-96F5-301D9519D86C}.Debug|Any CPU.ActiveCfg = Debug|Any CPU
		{FFE691AE-3749-469D-96F5-301D9519D86C}.Debug|Any CPU.Build.0 = Debug|Any CPU
		{FFE691AE-3749-469D-96F5-301D9519D86C}.Release|Any CPU.ActiveCfg = Release|Any CPU
		{FFE691AE-3749-469D-96F5-301D9519D86C}.Release|Any CPU.Build.0 = Release|Any CPU
		{B3E9C4D5-1F72-4C45-95F0-ACCCC08921DD}.Debug|Any CPU.ActiveCfg = Debug|Any CPU
		{B3E9C4D5-1F72-4C45-95F0-ACCCC08921DD}.Debug|Any CPU.Build.0 = Debug|Any CPU
		{B3E9C4D5-1F72-4C45-95F0-ACCCC08921DD}.Release|Any CPU.ActiveCfg = Release|Any CPU
		{B3E9C4D5-1F72-4C45-95F0-ACCCC08921DD}.Release|Any CPU.Build.0 = Release|Any CPU
		{EDDD85F9-AB12-40E4-9E38-77A215AB2CAA}.Debug|Any CPU.ActiveCfg = Debug|Any CPU
		{EDDD85F9-AB12-40E4-9E38-77A215AB2CAA}.Debug|Any CPU.Build.0 = Debug|Any CPU
		{EDDD85F9-AB12-40E4-9E38-77A215AB2CAA}.Release|Any CPU.ActiveCfg = Release|Any CPU
		{EDDD85F9-AB12-40E4-9E38-77A215AB2CAA}.Release|Any CPU.Build.0 = Release|Any CPU
		{1E2EF3E6-7E1A-4D59-A0F3-670A0AFD9E8D}.Debug|Any CPU.ActiveCfg = Debug|Any CPU
		{1E2EF3E6-7E1A-4D59-A0F3-670A0AFD9E8D}.Debug|Any CPU.Build.0 = Debug|Any CPU
		{1E2EF3E6-7E1A-4D59-A0F3-670A0AFD9E8D}.Release|Any CPU.ActiveCfg = Release|Any CPU
		{1E2EF3E6-7E1A-4D59-A0F3-670A0AFD9E8D}.Release|Any CPU.Build.0 = Release|Any CPU
		{24F6C1FD-80D1-4ECB-BA2B-4EDD35D0E006}.Debug|Any CPU.ActiveCfg = Debug|Any CPU
		{24F6C1FD-80D1-4ECB-BA2B-4EDD35D0E006}.Debug|Any CPU.Build.0 = Debug|Any CPU
		{24F6C1FD-80D1-4ECB-BA2B-4EDD35D0E006}.Release|Any CPU.ActiveCfg = Release|Any CPU
		{24F6C1FD-80D1-4ECB-BA2B-4EDD35D0E006}.Release|Any CPU.Build.0 = Release|Any CPU
		{E0BA94B1-478E-4E6F-9D3D-65ED61A9D1F6}.Debug|Any CPU.ActiveCfg = Debug|Any CPU
		{E0BA94B1-478E-4E6F-9D3D-65ED61A9D1F6}.Debug|Any CPU.Build.0 = Debug|Any CPU
		{E0BA94B1-478E-4E6F-9D3D-65ED61A9D1F6}.Release|Any CPU.ActiveCfg = Release|Any CPU
		{E0BA94B1-478E-4E6F-9D3D-65ED61A9D1F6}.Release|Any CPU.Build.0 = Release|Any CPU
		{CC1FA37F-91B2-455C-A80B-58D9FE93797B}.Debug|Any CPU.ActiveCfg = Debug|Any CPU
		{CC1FA37F-91B2-455C-A80B-58D9FE93797B}.Debug|Any CPU.Build.0 = Debug|Any CPU
		{CC1FA37F-91B2-455C-A80B-58D9FE93797B}.Release|Any CPU.ActiveCfg = Release|Any CPU
		{CC1FA37F-91B2-455C-A80B-58D9FE93797B}.Release|Any CPU.Build.0 = Release|Any CPU
	EndGlobalSection
	GlobalSection(SolutionProperties) = preSolution
		HideSolutionNode = FALSE
	EndGlobalSection
EndGlobal
